
Microsoft Visual Studio Solution File, Format Version 12.00
# Visual Studio 2013
VisualStudioVersion = 12.0.21005.1
MinimumVisualStudioVersion = 10.0.40219.1
Project("{E24C65DC-7377-472B-9ABA-BC803B73C61A}") = "AnantMatrimony", "http://localhost:49958", "{0C1EF7C9-4CA6-48B0-9467-2C9CBE808744}"
	ProjectSection(WebsiteProperties) = preProject
		UseIISExpress = "true"
		TargetFrameworkMoniker = ".NETFramework,Version%3Dv4.5"
		Debug.AspNetCompiler.VirtualPath = "/localhost_49958"
		Debug.AspNetCompiler.PhysicalPath = "D:\Running Project\Anant Matrimony\AnantMatrimony\"
		Debug.AspNetCompiler.TargetPath = "PrecompiledWeb\localhost_49958\"
		Debug.AspNetCompiler.Updateable = "true"
		Debug.AspNetCompiler.ForceOverwrite = "true"
		Debug.AspNetCompiler.FixedNames = "false"
		Debug.AspNetCompiler.Debug = "True"
		Release.AspNetCompiler.VirtualPath = "/localhost_49958"
		Release.AspNetCompiler.PhysicalPath = "D:\Running Project\Anant Matrimony\AnantMatrimony\"
		Release.AspNetCompiler.TargetPath = "PrecompiledWeb\localhost_49958\"
		Release.AspNetCompiler.Updateable = "true"
		Release.AspNetCompiler.ForceOverwrite = "true"
		Release.AspNetCompiler.FixedNames = "false"
		Release.AspNetCompiler.Debug = "False"
		SlnRelativePath = "D:\Running Project\Anant Matrimony\AnantMatrimony\"
	EndProjectSection
EndProject
Global
	GlobalSection(SolutionConfigurationPlatforms) = preSolution
		Debug|Any CPU = Debug|Any CPU
	EndGlobalSection
	GlobalSection(ProjectConfigurationPlatforms) = postSolution
		{0C1EF7C9-4CA6-48B0-9467-2C9CBE808744}.Debug|Any CPU.ActiveCfg = Debug|Any CPU
		{0C1EF7C9-4CA6-48B0-9467-2C9CBE808744}.Debug|Any CPU.Build.0 = Debug|Any CPU
	EndGlobalSection
	GlobalSection(SolutionProperties) = preSolution
		HideSolutionNode = FALSE
	EndGlobalSection
EndGlobal
